{
  "name": "yoshino",
  "version": "0.0.1",
  "lockfileVersion": 1,
  "requires": true,
  "dependencies": {
    "argparse": {
      "version": "1.0.10",
      "resolved": "https://registry.npm.taobao.org/argparse/download/argparse-1.0.10.tgz?cache=0&sync_timestamp=1597414311721&other_urls=https%3A%2F%2Fregistry.npm.taobao.org%2Fargparse%2Fdownload%2Fargparse-1.0.10.tgz",
      "integrity": "sha1-vNZ5HqWuCXJeF+WtmIE0zUCz2RE=",
      "requires": {
        "sprintf-js": "~1.0.2"
      }
    },
    "esprima": {
      "version": "4.0.1",
      "resolved": "https://registry.npm.taobao.org/esprima/download/esprima-4.0.1.tgz",
      "integrity": "sha1-E7BM2z5sXRnfkatph6hpVhmwqnE="
    },
    "highlight.js": {
      "version": "10.4.1",
      "resolved": "https://registry.npmjs.org/highlight.js/-/highlight.js-10.4.1.tgz",
      "integrity": "sha512-yR5lWvNz7c85OhVAEAeFhVCc/GV4C30Fjzc/rCP0aCWzc1UUOPUk55dK/qdwTZHBvMZo+eZ2jpk62ndX/xMFlg=="
    },
    "js-yaml": {
      "version": "3.14.0",
      "resolved": "https://registry.npm.taobao.org/js-yaml/download/js-yaml-3.14.0.tgz?cache=0&sync_timestamp=1590172122543&other_urls=https%3A%2F%2Fregistry.npm.taobao.org%2Fjs-yaml%2Fdownload%2Fjs-yaml-3.14.0.tgz",
      "integrity": "sha1-p6NBcPJqIbsWJCTYray0ETpp5II=",
      "requires": {
        "argparse": "^1.0.7",
        "esprima": "^4.0.0"
      }
    },
    "marked": {
      "version": "1.1.1",
      "resolved": "https://registry.npm.taobao.org/marked/download/marked-1.1.1.tgz?cache=0&sync_timestamp=1594690309517&other_urls=https%3A%2F%2Fregistry.npm.taobao.org%2Fmarked%2Fdownload%2Fmarked-1.1.1.tgz",
      "integrity": "sha1-5dYbaYQiENXfV7BYVuDJFXJwPmo="
    },
    "parse-md": {
      "version": "2.0.4",
      "resolved": "https://registry.npm.taobao.org/parse-md/download/parse-md-2.0.4.tgz",
      "integrity": "sha1-Cut1/KjconDyMjQMAqq+M+qEYWU=",
      "requires": {
        "js-yaml": "^3.13.1"
      }
    },
    "sprintf-js": {
      "version": "1.0.3",
      "resolved": "https://registry.npm.taobao.org/sprintf-js/download/sprintf-js-1.0.3.tgz",
      "integrity": "sha1-BOaSb2YolTVPPdAVIDYzuFcpfiw="
    }
  }
}
